
Microsoft Visual Studio Solution File, Format Version 12.00
# Visual Studio Version 17
VisualStudioVersion = 17.0.32002.185
MinimumVisualStudioVersion = 10.0.40219.1
Project("{2150E333-8FDC-42A3-9474-1A3956D46DE8}") = "src", "src", "{3A61A6C0-BC21-4622-88EB-E9FF3D1B3882}"
	ProjectSection(SolutionItems) = preProject
		Readme.txt = Readme.txt
	EndProjectSection
EndProject
Project("{9A19103F-16F7-4668-BE54-9A1E7A4F7556}") = "Galaxy.Order.Web", "Galaxy.Order.Web\Galaxy.Order.Web.csproj", "{ECBE0DF1-4358-46D5-B96F-B198DD00667C}"
EndProject
Project("{9A19103F-16F7-4668-BE54-9A1E7A4F7556}") = "Galaxy.Product.Web", "Galaxy.Product.Web\Galaxy.Product.Web.csproj", "{93DCC9D4-A901-453F-A797-D18BF462B089}"
EndProject
Project("{9A19103F-16F7-4668-BE54-9A1E7A4F7556}") = "Galaxy.Product.Application", "Galaxy.Product.Application\Galaxy.Product.Application.csproj", "{712EE7EB-FC5B-4ABE-94BF-84681DB67CCC}"
EndProject
Project("{9A19103F-16F7-4668-BE54-9A1E7A4F7556}") = "Galaxy.Product.Application.Contarcts", "Galaxy.Product.Application.Contarcts\Galaxy.Product.Application.Contarcts.csproj", "{BFFCB9C6-1467-4480-A231-D98891000DD1}"
EndProject
Project("{9A19103F-16F7-4668-BE54-9A1E7A4F7556}") = "Galaxy.Order.Application", "Galaxy.Order.Application\Galaxy.Order.Application.csproj", "{2D3DA17B-97B8-437B-8B3C-62A050F5597D}"
EndProject
Project("{9A19103F-16F7-4668-BE54-9A1E7A4F7556}") = "Galaxy.Order.Application.Contarcts", "Galaxy.Order.Application.Contarcts\Galaxy.Order.Application.Contarcts.csproj", "{4FF0FA88-088E-4D35-ADFA-6B709CC33FE0}"
EndProject
Project("{9A19103F-16F7-4668-BE54-9A1E7A4F7556}") = "Galaxy.Web", "Galaxy.Web\Galaxy.Web.csproj", "{99FC0345-6A64-47FA-994A-5E078375819B}"
EndProject
Project("{9A19103F-16F7-4668-BE54-9A1E7A4F7556}") = "Galaxy.Product.Domin", "Galaxy.Product.Domin\Galaxy.Product.Domin.csproj", "{117C21E3-8049-4925-A13C-DE75107DFA30}"
EndProject
Project("{9A19103F-16F7-4668-BE54-9A1E7A4F7556}") = "Galaxy.Product.EntityFrameworkCore", "Galaxy.Product.EntityFrameworkCore\Galaxy.Product.EntityFrameworkCore.csproj", "{A9D91A62-AA31-4F60-9B17-C08B5714AC6C}"
EndProject
Project("{9A19103F-16F7-4668-BE54-9A1E7A4F7556}") = "Galaxy.Product.DbMigrator", "Galaxy.Product.DbMigrator\Galaxy.Product.DbMigrator.csproj", "{A37D293D-B2F8-4839-A6A4-52C8C58FA0B2}"
EndProject
Project("{2150E333-8FDC-42A3-9474-1A3956D46DE8}") = "Product", "Product", "{5B50A70E-877E-41F5-AD4F-1A7B640DA5CE}"
EndProject
Project("{2150E333-8FDC-42A3-9474-1A3956D46DE8}") = "Order", "Order", "{9CFE8159-37AD-435E-9D03-1301D1BF6AA1}"
EndProject
Project("{9A19103F-16F7-4668-BE54-9A1E7A4F7556}") = "Galaxy.Product.HttpApi", "Galaxy.Product.HttpApi\Galaxy.Product.HttpApi.csproj", "{A10DD67D-1AB2-4665-9693-385C51CC8BE5}"
EndProject
Project("{9A19103F-16F7-4668-BE54-9A1E7A4F7556}") = "Galaxy.Product.HttpApi.Clinet", "Galaxy.Product.HttpApi.Clinet\Galaxy.Product.HttpApi.Clinet.csproj", "{4B5477AE-0865-44FC-878B-590651FB61C1}"
EndProject
Project("{2150E333-8FDC-42A3-9474-1A3956D46DE8}") = "Customer", "Customer", "{D6D5B267-F04E-435A-A52A-53670A5FF0CC}"
EndProject
Project("{9A19103F-16F7-4668-BE54-9A1E7A4F7556}") = "Galaxy.Customer.Domain", "Galaxy.Customer.Domin\Galaxy.Customer.Domain.csproj", "{7CF8B976-6152-480B-9FF2-30E66414700D}"
EndProject
Project("{9A19103F-16F7-4668-BE54-9A1E7A4F7556}") = "Galaxy.Customer.EntityFrameworkCore", "Galaxy.Customer.EntityFrameworkCore\Galaxy.Customer.EntityFrameworkCore.csproj", "{112029B8-D6CC-40F3-83B3-BEE0E554CC9A}"
EndProject
Project("{9A19103F-16F7-4668-BE54-9A1E7A4F7556}") = "Galaxy.Customer.Application", "Galaxy.Customer.Application\Galaxy.Customer.Application.csproj", "{64E6BE31-C6E1-4E92-A0F8-9A8241FCCB26}"
EndProject
Project("{9A19103F-16F7-4668-BE54-9A1E7A4F7556}") = "Galaxy.Customer.Application.Contarcts", "Galaxy.Customer.Application.Contarcts\Galaxy.Customer.Application.Contarcts.csproj", "{CEE578E7-4995-49B0-BCB4-149C6752FD49}"
EndProject
Project("{FAE04EC0-301F-11D3-BF4B-00C04F79EFBC}") = "Galaxy.Customer.Web", "Galaxy.Customer.Web\Galaxy.Customer.Web.csproj", "{D156E2C8-E82B-4E3C-8533-CE7A3A5080C9}"
EndProject
Global
	GlobalSection(SolutionConfigurationPlatforms) = preSolution
		Debug|Any CPU = Debug|Any CPU
		Release|Any CPU = Release|Any CPU
	EndGlobalSection
	GlobalSection(ProjectConfigurationPlatforms) = postSolution
		{ECBE0DF1-4358-46D5-B96F-B198DD00667C}.Debug|Any CPU.ActiveCfg = Debug|Any CPU
		{ECBE0DF1-4358-46D5-B96F-B198DD00667C}.Debug|Any CPU.Build.0 = Debug|Any CPU
		{ECBE0DF1-4358-46D5-B96F-B198DD00667C}.Release|Any CPU.ActiveCfg = Release|Any CPU
		{ECBE0DF1-4358-46D5-B96F-B198DD00667C}.Release|Any CPU.Build.0 = Release|Any CPU
		{93DCC9D4-A901-453F-A797-D18BF462B089}.Debug|Any CPU.ActiveCfg = Debug|Any CPU
		{93DCC9D4-A901-453F-A797-D18BF462B089}.Debug|Any CPU.Build.0 = Debug|Any CPU
		{93DCC9D4-A901-453F-A797-D18BF462B089}.Release|Any CPU.ActiveCfg = Release|Any CPU
		{93DCC9D4-A901-453F-A797-D18BF462B089}.Release|Any CPU.Build.0 = Release|Any CPU
		{712EE7EB-FC5B-4ABE-94BF-84681DB67CCC}.Debug|Any CPU.ActiveCfg = Debug|Any CPU
		{712EE7EB-FC5B-4ABE-94BF-84681DB67CCC}.Debug|Any CPU.Build.0 = Debug|Any CPU
		{712EE7EB-FC5B-4ABE-94BF-84681DB67CCC}.Release|Any CPU.ActiveCfg = Release|Any CPU
		{712EE7EB-FC5B-4ABE-94BF-84681DB67CCC}.Release|Any CPU.Build.0 = Release|Any CPU
		{BFFCB9C6-1467-4480-A231-D98891000DD1}.Debug|Any CPU.ActiveCfg = Debug|Any CPU
		{BFFCB9C6-1467-4480-A231-D98891000DD1}.Debug|Any CPU.Build.0 = Debug|Any CPU
		{BFFCB9C6-1467-4480-A231-D98891000DD1}.Release|Any CPU.ActiveCfg = Release|Any CPU
		{BFFCB9C6-1467-4480-A231-D98891000DD1}.Release|Any CPU.Build.0 = Release|Any CPU
		{2D3DA17B-97B8-437B-8B3C-62A050F5597D}.Debug|Any CPU.ActiveCfg = Debug|Any CPU
		{2D3DA17B-97B8-437B-8B3C-62A050F5597D}.Debug|Any CPU.Build.0 = Debug|Any CPU
		{2D3DA17B-97B8-437B-8B3C-62A050F5597D}.Release|Any CPU.ActiveCfg = Release|Any CPU
		{2D3DA17B-97B8-437B-8B3C-62A050F5597D}.Release|Any CPU.Build.0 = Release|Any CPU
		{4FF0FA88-088E-4D35-ADFA-6B709CC33FE0}.Debug|Any CPU.ActiveCfg = Debug|Any CPU
		{4FF0FA88-088E-4D35-ADFA-6B709CC33FE0}.Debug|Any CPU.Build.0 = Debug|Any CPU
		{4FF0FA88-088E-4D35-ADFA-6B709CC33FE0}.Release|Any CPU.ActiveCfg = Release|Any CPU
		{4FF0FA88-088E-4D35-ADFA-6B709CC33FE0}.Release|Any CPU.Build.0 = Release|Any CPU
		{99FC0345-6A64-47FA-994A-5E078375819B}.Debug|Any CPU.ActiveCfg = Debug|Any CPU
		{99FC0345-6A64-47FA-994A-5E078375819B}.Debug|Any CPU.Build.0 = Debug|Any CPU
		{99FC0345-6A64-47FA-994A-5E078375819B}.Release|Any CPU.ActiveCfg = Release|Any CPU
		{99FC0345-6A64-47FA-994A-5E078375819B}.Release|Any CPU.Build.0 = Release|Any CPU
		{117C21E3-8049-4925-A13C-DE75107DFA30}.Debug|Any CPU.ActiveCfg = Debug|Any CPU
		{117C21E3-8049-4925-A13C-DE75107DFA30}.Debug|Any CPU.Build.0 = Debug|Any CPU
		{117C21E3-8049-4925-A13C-DE75107DFA30}.Release|Any CPU.ActiveCfg = Release|Any CPU
		{117C21E3-8049-4925-A13C-DE75107DFA30}.Release|Any CPU.Build.0 = Release|Any CPU
		{A9D91A62-AA31-4F60-9B17-C08B5714AC6C}.Debug|Any CPU.ActiveCfg = Debug|Any CPU
		{A9D91A62-AA31-4F60-9B17-C08B5714AC6C}.Debug|Any CPU.Build.0 = Debug|Any CPU
		{A9D91A62-AA31-4F60-9B17-C08B5714AC6C}.Release|Any CPU.ActiveCfg = Release|Any CPU
		{A9D91A62-AA31-4F60-9B17-C08B5714AC6C}.Release|Any CPU.Build.0 = Release|Any CPU
		{A37D293D-B2F8-4839-A6A4-52C8C58FA0B2}.Debug|Any CPU.ActiveCfg = Debug|Any CPU
		{A37D293D-B2F8-4839-A6A4-52C8C58FA0B2}.Debug|Any CPU.Build.0 = Debug|Any CPU
		{A37D293D-B2F8-4839-A6A4-52C8C58FA0B2}.Release|Any CPU.ActiveCfg = Release|Any CPU
		{A37D293D-B2F8-4839-A6A4-52C8C58FA0B2}.Release|Any CPU.Build.0 = Release|Any CPU
		{A10DD67D-1AB2-4665-9693-385C51CC8BE5}.Debug|Any CPU.ActiveCfg = Debug|Any CPU
		{A10DD67D-1AB2-4665-9693-385C51CC8BE5}.Debug|Any CPU.Build.0 = Debug|Any CPU
		{A10DD67D-1AB2-4665-9693-385C51CC8BE5}.Release|Any CPU.ActiveCfg = Release|Any CPU
		{A10DD67D-1AB2-4665-9693-385C51CC8BE5}.Release|Any CPU.Build.0 = Release|Any CPU
		{4B5477AE-0865-44FC-878B-590651FB61C1}.Debug|Any CPU.ActiveCfg = Debug|Any CPU
		{4B5477AE-0865-44FC-878B-590651FB61C1}.Debug|Any CPU.Build.0 = Debug|Any CPU
		{4B5477AE-0865-44FC-878B-590651FB61C1}.Release|Any CPU.ActiveCfg = Release|Any CPU
		{4B5477AE-0865-44FC-878B-590651FB61C1}.Release|Any CPU.Build.0 = Release|Any CPU
		{7CF8B976-6152-480B-9FF2-30E66414700D}.Debug|Any CPU.ActiveCfg = Debug|Any CPU
		{7CF8B976-6152-480B-9FF2-30E66414700D}.Debug|Any CPU.Build.0 = Debug|Any CPU
		{7CF8B976-6152-480B-9FF2-30E66414700D}.Release|Any CPU.ActiveCfg = Release|Any CPU
		{7CF8B976-6152-480B-9FF2-30E66414700D}.Release|Any CPU.Build.0 = Release|Any CPU
		{112029B8-D6CC-40F3-83B3-BEE0E554CC9A}.Debug|Any CPU.ActiveCfg = Debug|Any CPU
		{112029B8-D6CC-40F3-83B3-BEE0E554CC9A}.Debug|Any CPU.Build.0 = Debug|Any CPU
		{112029B8-D6CC-40F3-83B3-BEE0E554CC9A}.Release|Any CPU.ActiveCfg = Release|Any CPU
		{112029B8-D6CC-40F3-83B3-BEE0E554CC9A}.Release|Any CPU.Build.0 = Release|Any CPU
		{64E6BE31-C6E1-4E92-A0F8-9A8241FCCB26}.Debug|Any CPU.ActiveCfg = Debug|Any CPU
		{64E6BE31-C6E1-4E92-A0F8-9A8241FCCB26}.Debug|Any CPU.Build.0 = Debug|Any CPU
		{64E6BE31-C6E1-4E92-A0F8-9A8241FCCB26}.Release|Any CPU.ActiveCfg = Release|Any CPU
		{64E6BE31-C6E1-4E92-A0F8-9A8241FCCB26}.Release|Any CPU.Build.0 = Release|Any CPU
		{CEE578E7-4995-49B0-BCB4-149C6752FD49}.Debug|Any CPU.ActiveCfg = Debug|Any CPU
		{CEE578E7-4995-49B0-BCB4-149C6752FD49}.Debug|Any CPU.Build.0 = Debug|Any CPU
		{CEE578E7-4995-49B0-BCB4-149C6752FD49}.Release|Any CPU.ActiveCfg = Release|Any CPU
		{CEE578E7-4995-49B0-BCB4-149C6752FD49}.Release|Any CPU.Build.0 = Release|Any CPU
		{D156E2C8-E82B-4E3C-8533-CE7A3A5080C9}.Debug|Any CPU.ActiveCfg = Debug|Any CPU
		{D156E2C8-E82B-4E3C-8533-CE7A3A5080C9}.Debug|Any CPU.Build.0 = Debug|Any CPU
		{D156E2C8-E82B-4E3C-8533-CE7A3A5080C9}.Release|Any CPU.ActiveCfg = Release|Any CPU
		{D156E2C8-E82B-4E3C-8533-CE7A3A5080C9}.Release|Any CPU.Build.0 = Release|Any CPU
	EndGlobalSection
	GlobalSection(SolutionProperties) = preSolution
		HideSolutionNode = FALSE
	EndGlobalSection
	GlobalSection(NestedProjects) = preSolution
		{ECBE0DF1-4358-46D5-B96F-B198DD00667C} = {9CFE8159-37AD-435E-9D03-1301D1BF6AA1}
		{93DCC9D4-A901-453F-A797-D18BF462B089} = {5B50A70E-877E-41F5-AD4F-1A7B640DA5CE}
		{712EE7EB-FC5B-4ABE-94BF-84681DB67CCC} = {5B50A70E-877E-41F5-AD4F-1A7B640DA5CE}
		{BFFCB9C6-1467-4480-A231-D98891000DD1} = {5B50A70E-877E-41F5-AD4F-1A7B640DA5CE}
		{2D3DA17B-97B8-437B-8B3C-62A050F5597D} = {9CFE8159-37AD-435E-9D03-1301D1BF6AA1}
		{4FF0FA88-088E-4D35-ADFA-6B709CC33FE0} = {9CFE8159-37AD-435E-9D03-1301D1BF6AA1}
		{99FC0345-6A64-47FA-994A-5E078375819B} = {3A61A6C0-BC21-4622-88EB-E9FF3D1B3882}
		{117C21E3-8049-4925-A13C-DE75107DFA30} = {5B50A70E-877E-41F5-AD4F-1A7B640DA5CE}
		{A9D91A62-AA31-4F60-9B17-C08B5714AC6C} = {5B50A70E-877E-41F5-AD4F-1A7B640DA5CE}
		{A37D293D-B2F8-4839-A6A4-52C8C58FA0B2} = {5B50A70E-877E-41F5-AD4F-1A7B640DA5CE}
		{5B50A70E-877E-41F5-AD4F-1A7B640DA5CE} = {3A61A6C0-BC21-4622-88EB-E9FF3D1B3882}
		{9CFE8159-37AD-435E-9D03-1301D1BF6AA1} = {3A61A6C0-BC21-4622-88EB-E9FF3D1B3882}
		{A10DD67D-1AB2-4665-9693-385C51CC8BE5} = {5B50A70E-877E-41F5-AD4F-1A7B640DA5CE}
		{4B5477AE-0865-44FC-878B-590651FB61C1} = {5B50A70E-877E-41F5-AD4F-1A7B640DA5CE}
		{D6D5B267-F04E-435A-A52A-53670A5FF0CC} = {3A61A6C0-BC21-4622-88EB-E9FF3D1B3882}
		{7CF8B976-6152-480B-9FF2-30E66414700D} = {D6D5B267-F04E-435A-A52A-53670A5FF0CC}
		{112029B8-D6CC-40F3-83B3-BEE0E554CC9A} = {D6D5B267-F04E-435A-A52A-53670A5FF0CC}
		{64E6BE31-C6E1-4E92-A0F8-9A8241FCCB26} = {D6D5B267-F04E-435A-A52A-53670A5FF0CC}
		{CEE578E7-4995-49B0-BCB4-149C6752FD49} = {D6D5B267-F04E-435A-A52A-53670A5FF0CC}
		{D156E2C8-E82B-4E3C-8533-CE7A3A5080C9} = {D6D5B267-F04E-435A-A52A-53670A5FF0CC}
	EndGlobalSection
	GlobalSection(ExtensibilityGlobals) = postSolution
		SolutionGuid = {700EA07F-7D9B-4A7B-981D-DC60E820C535}
	EndGlobalSection
EndGlobal
